# This file was autogenerated by Stack.
# You should not edit this file by hand.
# For more information, please see the documentation at:
#   https://docs.haskellstack.org/en/stable/lock_files

packages:
- completed:
    hackage: xmonad-spotify-0.1.2.2@sha256:6c8ca88ac8a4c996782f9f34173d12cf36d404d735e2afc1e440332245acc488,1335
    pantry-tree:
      size: 336
      sha256: 5ce448296ce77c3d02e8fef995580c0bc3aa6c6f08f031a26496656dc8866d2c
  original:
    hackage: xmonad-spotify-0.1.2.2@sha256:6c8ca88ac8a4c996782f9f34173d12cf36d404d735e2afc1e440332245acc488,1335
snapshots:
- completed:
    size: 586296
    url: https://raw.githubusercontent.com/commercialhaskell/stackage-snapshots/master/lts/18/18.yaml
    sha256: 63539429076b7ebbab6daa7656cfb079393bf644971156dc349d7c0453694ac2
  original: lts-18.18
